
Microsoft Visual Studio Solution File, Format Version 12.00
# Visual Studio Version 17
VisualStudioVersion = 17.4.33122.133
MinimumVisualStudioVersion = 10.0.40219.1
Project("{FAE04EC0-301F-11D3-BF4B-00C04F79EFBC}") = "OnlineMagazin", "OnlineMagazin\OnlineMagazin.csproj", "{6066A9DA-5F7B-43AD-A4D5-0A1C55A26CA6}"
EndProject
Global
	GlobalSection(SolutionConfigurationPlatforms) = preSolution
		Debug|Any CPU = Debug|Any CPU
		Release|Any CPU = Release|Any CPU
	EndGlobalSection
	GlobalSection(ProjectConfigurationPlatforms) = postSolution
		{6066A9DA-5F7B-43AD-A4D5-0A1C55A26CA6}.Debug|Any CPU.ActiveCfg = Debug|Any CPU
		{6066A9DA-5F7B-43AD-A4D5-0A1C55A26CA6}.Debug|Any CPU.Build.0 = Debug|Any CPU
		{6066A9DA-5F7B-43AD-A4D5-0A1C55A26CA6}.Release|Any CPU.ActiveCfg = Release|Any CPU
		{6066A9DA-5F7B-43AD-A4D5-0A1C55A26CA6}.Release|Any CPU.Build.0 = Release|Any CPU
	EndGlobalSection
	GlobalSection(SolutionProperties) = preSolution
		HideSolutionNode = FALSE
	EndGlobalSection
	GlobalSection(ExtensibilityGlobals) = postSolution
		SolutionGuid = {E30264AC-FC09-42BC-88A9-6390CDD9150A}
	EndGlobalSection
EndGlobal
